
Microsoft Visual Studio Solution File, Format Version 12.00
# Visual Studio Version 16
VisualStudioVersion = 16.0.30804.86
MinimumVisualStudioVersion = 10.0.40219.1
Project("{FAE04EC0-301F-11D3-BF4B-00C04F79EFBC}") = "UploadFile", "UploadFile\UploadFile.csproj", "{CA11B2FA-A8BA-435C-8848-CDD4389EA740}"
EndProject
Global
	GlobalSection(SolutionConfigurationPlatforms) = preSolution
		Debug|Any CPU = Debug|Any CPU
		Release|Any CPU = Release|Any CPU
	EndGlobalSection
	GlobalSection(ProjectConfigurationPlatforms) = postSolution
		{CA11B2FA-A8BA-435C-8848-CDD4389EA740}.Debug|Any CPU.ActiveCfg = Debug|Any CPU
		{CA11B2FA-A8BA-435C-8848-CDD4389EA740}.Debug|Any CPU.Build.0 = Debug|Any CPU
		{CA11B2FA-A8BA-435C-8848-CDD4389EA740}.Release|Any CPU.ActiveCfg = Release|Any CPU
		{CA11B2FA-A8BA-435C-8848-CDD4389EA740}.Release|Any CPU.Build.0 = Release|Any CPU
	EndGlobalSection
	GlobalSection(SolutionProperties) = preSolution
		HideSolutionNode = FALSE
	EndGlobalSection
	GlobalSection(ExtensibilityGlobals) = postSolution
		SolutionGuid = {18CE8429-62F4-4E51-A09D-E26AE919BCE7}
	EndGlobalSection
EndGlobal
